
Microsoft Visual Studio Solution File, Format Version 12.00
# Visual Studio Version 16
VisualStudioVersion = 16.0.31205.134
MinimumVisualStudioVersion = 10.0.40219.1
Project("{FAE04EC0-301F-11D3-BF4B-00C04F79EFBC}") = "Practica", "Practica.csproj", "{5FD5AC50-4C29-47F7-AF0C-84EDE617E5A4}"
EndProject
Global
	GlobalSection(SolutionConfigurationPlatforms) = preSolution
		Debug|Any CPU = Debug|Any CPU
		Release|Any CPU = Release|Any CPU
	EndGlobalSection
	GlobalSection(ProjectConfigurationPlatforms) = postSolution
		{5FD5AC50-4C29-47F7-AF0C-84EDE617E5A4}.Debug|Any CPU.ActiveCfg = Debug|Any CPU
		{5FD5AC50-4C29-47F7-AF0C-84EDE617E5A4}.Debug|Any CPU.Build.0 = Debug|Any CPU
		{5FD5AC50-4C29-47F7-AF0C-84EDE617E5A4}.Release|Any CPU.ActiveCfg = Release|Any CPU
		{5FD5AC50-4C29-47F7-AF0C-84EDE617E5A4}.Release|Any CPU.Build.0 = Release|Any CPU
	EndGlobalSection
	GlobalSection(SolutionProperties) = preSolution
		HideSolutionNode = FALSE
	EndGlobalSection
	GlobalSection(ExtensibilityGlobals) = postSolution
		SolutionGuid = {15560CCC-8A59-41FC-9DDD-FD9F4613C8D6}
	EndGlobalSection
EndGlobal
